{
    "name": "app",
    "version": "1.0.0",
    "lockfileVersion": 3,
    "requires": true,
    "packages": {
        "": {
            "name": "app",
            "version": "1.0.0",
            "dependencies": {
                "@fullstacked/builder-tailwindcss": "github:fullstackedorg/builder-tailwindcss",
                "@sentry/browser": "^10.42.0",
                "@xterm/addon-fit": "^0.11.0",
                "@xterm/addon-web-links": "^0.12.0",
                "@xterm/xterm": "^6.0.0",
                "node-ssh": "^13.2.1",
                "pretty-bytes": "^7.1.0",
                "pretty-ms": "^9.3.0"
            },
            "devDependencies": {
                "@types/node": "^25.3.0"
            }
        },
        "node_modules/@fullstacked/builder-tailwindcss": {
            "version": "0.0.0",
            "resolved": "git+ssh://git@github.com/fullstackedorg/builder-tailwindcss.git#6c68d2f4da74e2c8504a37617e9e474fe801a9b7",
            "dependencies": {
                "@types/node": "^25.3.0",
                "lightningcss-wasm": "^1.31.1",
                "oxide-wasm": "^0.1.0",
                "tailwindcss": "^4.2.0"
            }
        },
        "node_modules/@sentry-internal/browser-utils": {
            "version": "10.42.0",
            "resolved": "https://registry.npmjs.org/@sentry-internal/browser-utils/-/browser-utils-10.42.0.tgz",
            "integrity": "sha512-HCEICKvepxN4/6NYfnMMMlppcSwIEwtS66X6d1/mwaHdi2ivw0uGl52p7Nfhda/lIJArbrkWprxl0WcjZajhQA==",
            "license": "MIT",
            "dependencies": {
                "@sentry/core": "10.42.0"
            },
            "engines": {
                "node": ">=18"
            }
        },
        "node_modules/@sentry-internal/feedback": {
            "version": "10.42.0",
            "resolved": "https://registry.npmjs.org/@sentry-internal/feedback/-/feedback-10.42.0.tgz",
            "integrity": "sha512-lpPcHsog10MVYFTWE0Pf8vQRqQWwZHJpkVl2FEb9/HDdHFyTBUhCVoWo1KyKaG7GJl9AVKMAg7bp9SSNArhFNQ==",
            "license": "MIT",
            "dependencies": {
                "@sentry/core": "10.42.0"
            },
            "engines": {
                "node": ">=18"
            }
        },
        "node_modules/@sentry-internal/replay": {
            "version": "10.42.0",
            "resolved": "https://registry.npmjs.org/@sentry-internal/replay/-/replay-10.42.0.tgz",
            "integrity": "sha512-Zh3EoaH39x2lqVY1YyVB2vJEyCIrT+YLUQxYl1yvP0MJgLxaR6akVjkgxbSUJahan4cX5DxpZiEHfzdlWnYPyQ==",
            "license": "MIT",
            "dependencies": {
                "@sentry-internal/browser-utils": "10.42.0",
                "@sentry/core": "10.42.0"
            },
            "engines": {
                "node": ">=18"
            }
        },
        "node_modules/@sentry-internal/replay-canvas": {
            "version": "10.42.0",
            "resolved": "https://registry.npmjs.org/@sentry-internal/replay-canvas/-/replay-canvas-10.42.0.tgz",
            "integrity": "sha512-am3m1Fj8ihoPfoYo41Qq4KeCAAICn4bySso8Oepu9dMNe9Lcnsf+reMRS2qxTPg3pZDc4JEMOcLyNCcgnAfrHw==",
            "license": "MIT",
            "dependencies": {
                "@sentry-internal/replay": "10.42.0",
                "@sentry/core": "10.42.0"
            },
            "engines": {
                "node": ">=18"
            }
        },
        "node_modules/@sentry/browser": {
            "version": "10.42.0",
            "resolved": "https://registry.npmjs.org/@sentry/browser/-/browser-10.42.0.tgz",
            "integrity": "sha512-iXxYjXNEBwY1MH4lDSDZZUNjzPJDK7/YLwVIJq/3iBYpIQVIhaJsoJnf3clx9+NfJ8QFKyKfcvgae61zm+hgTA==",
            "license": "MIT",
            "dependencies": {
                "@sentry-internal/browser-utils": "10.42.0",
                "@sentry-internal/feedback": "10.42.0",
                "@sentry-internal/replay": "10.42.0",
                "@sentry-internal/replay-canvas": "10.42.0",
                "@sentry/core": "10.42.0"
            },
            "engines": {
                "node": ">=18"
            }
        },
        "node_modules/@sentry/core": {
            "version": "10.42.0",
            "resolved": "https://registry.npmjs.org/@sentry/core/-/core-10.42.0.tgz",
            "integrity": "sha512-L4rMrXMqUKBanpjpMT+TuAVk6xAijz6AWM6RiEYpohAr7SGcCEc1/T0+Ep1eLV8+pwWacfU27OvELIyNeOnGzA==",
            "license": "MIT",
            "engines": {
                "node": ">=18"
            }
        },
        "node_modules/@types/node": {
            "version": "25.3.0",
            "resolved": "https://registry.npmjs.org/@types/node/-/node-25.3.0.tgz",
            "integrity": "sha512-4K3bqJpXpqfg2XKGK9bpDTc6xO/xoUP/RBWS7AtRMug6zZFaRekiLzjVtAoZMquxoAbzBvy5nxQ7veS5eYzf8A==",
            "license": "MIT",
            "dependencies": {
                "undici-types": "~7.18.0"
            }
        },
        "node_modules/@xterm/addon-fit": {
            "version": "0.11.0",
            "resolved": "https://registry.npmjs.org/@xterm/addon-fit/-/addon-fit-0.11.0.tgz",
            "integrity": "sha512-jYcgT6xtVYhnhgxh3QgYDnnNMYTcf8ElbxxFzX0IZo+vabQqSPAjC3c1wJrKB5E19VwQei89QCiZZP86DCPF7g==",
            "license": "MIT"
        },
        "node_modules/@xterm/addon-web-links": {
            "version": "0.12.0",
            "resolved": "https://registry.npmjs.org/@xterm/addon-web-links/-/addon-web-links-0.12.0.tgz",
            "integrity": "sha512-4Smom3RPyVp7ZMYOYDoC/9eGJJJqYhnPLGGqJ6wOBfB8VxPViJNSKdgRYb8NpaM6YSelEKbA2SStD7lGyqaobw==",
            "license": "MIT"
        },
        "node_modules/@xterm/xterm": {
            "version": "6.0.0",
            "resolved": "https://registry.npmjs.org/@xterm/xterm/-/xterm-6.0.0.tgz",
            "integrity": "sha512-TQwDdQGtwwDt+2cgKDLn0IRaSxYu1tSUjgKarSDkUM0ZNiSRXFpjxEsvc/Zgc5kq5omJ+V0a8/kIM2WD3sMOYg==",
            "license": "MIT",
            "workspaces": [
                "addons/*"
            ]
        },
        "node_modules/asn1": {
            "version": "0.2.6",
            "resolved": "https://registry.npmjs.org/asn1/-/asn1-0.2.6.tgz",
            "integrity": "sha512-ix/FxPn0MDjeyJ7i/yoHGFt/EX6LyNbxSEhPPXODPL+KB0VPk86UYfL0lMdy+KCnv+fmvIzySwaK5COwqVbWTQ==",
            "license": "MIT",
            "dependencies": {
                "safer-buffer": "~2.1.0"
            }
        },
        "node_modules/bcrypt-pbkdf": {
            "version": "1.0.2",
            "resolved": "https://registry.npmjs.org/bcrypt-pbkdf/-/bcrypt-pbkdf-1.0.2.tgz",
            "integrity": "sha512-qeFIXtP4MSoi6NLqO12WfqARWWuCKi2Rn/9hJLEmtB5yTNr9DqFWkJRCf2qShWzPeAMRnOgCrq0sg/KLv5ES9w==",
            "license": "BSD-3-Clause",
            "dependencies": {
                "tweetnacl": "^0.14.3"
            }
        },
        "node_modules/buildcheck": {
            "version": "0.0.7",
            "resolved": "https://registry.npmjs.org/buildcheck/-/buildcheck-0.0.7.tgz",
            "integrity": "sha512-lHblz4ahamxpTmnsk+MNTRWsjYKv965MwOrSJyeD588rR3Jcu7swE+0wN5F+PbL5cjgu/9ObkhfzEPuofEMwLA==",
            "optional": true,
            "engines": {
                "node": ">=10.0.0"
            }
        },
        "node_modules/cpu-features": {
            "version": "0.0.10",
            "resolved": "https://registry.npmjs.org/cpu-features/-/cpu-features-0.0.10.tgz",
            "integrity": "sha512-9IkYqtX3YHPCzoVg1Py+o9057a3i0fp7S530UWokCSaFVTc7CwXPRiOjRjBQQ18ZCNafx78YfnG+HALxtVmOGA==",
            "hasInstallScript": true,
            "optional": true,
            "dependencies": {
                "buildcheck": "~0.0.6",
                "nan": "^2.19.0"
            },
            "engines": {
                "node": ">=10.0.0"
            }
        },
        "node_modules/is-stream": {
            "version": "2.0.1",
            "resolved": "https://registry.npmjs.org/is-stream/-/is-stream-2.0.1.tgz",
            "integrity": "sha512-hFoiJiTl63nn+kstHGBtewWSKnQLpyb155KHheA1l39uvtO9nWIop1p3udqPcUd/xbF1VLMO4n7OI6p7RbngDg==",
            "license": "MIT",
            "engines": {
                "node": ">=8"
            },
            "funding": {
                "url": "https://github.com/sponsors/sindresorhus"
            }
        },
        "node_modules/lightningcss-wasm": {
            "version": "1.31.1",
            "resolved": "https://registry.npmjs.org/lightningcss-wasm/-/lightningcss-wasm-1.31.1.tgz",
            "integrity": "sha512-JYnA3ZpKhF/X+pkLBPMsqDAXZmxd2mQ4nauKd78IfMnioook736ksaCJu6d70Wkq6soD74V+G4fhaOWmWzW5dg==",
            "bundleDependencies": [
                "napi-wasm"
            ],
            "license": "MPL-2.0",
            "dependencies": {
                "napi-wasm": "^1.0.1"
            },
            "engines": {
                "node": ">= 12.0.0"
            },
            "funding": {
                "type": "opencollective",
                "url": "https://opencollective.com/parcel"
            }
        },
        "node_modules/lightningcss-wasm/node_modules/napi-wasm": {
            "version": "1.1.3",
            "inBundle": true,
            "license": "MIT"
        },
        "node_modules/make-dir": {
            "version": "3.1.0",
            "resolved": "https://registry.npmjs.org/make-dir/-/make-dir-3.1.0.tgz",
            "integrity": "sha512-g3FeP20LNwhALb/6Cz6Dd4F2ngze0jz7tbzrD2wAV+o9FeNHe4rL+yK2md0J/fiSf1sa1ADhXqi5+oVwOM/eGw==",
            "license": "MIT",
            "dependencies": {
                "semver": "^6.0.0"
            },
            "engines": {
                "node": ">=8"
            },
            "funding": {
                "url": "https://github.com/sponsors/sindresorhus"
            }
        },
        "node_modules/nan": {
            "version": "2.25.0",
            "resolved": "https://registry.npmjs.org/nan/-/nan-2.25.0.tgz",
            "integrity": "sha512-0M90Ag7Xn5KMLLZ7zliPWP3rT90P6PN+IzVFS0VqmnPktBk3700xUVv8Ikm9EUaUE5SDWdp/BIxdENzVznpm1g==",
            "license": "MIT",
            "optional": true
        },
        "node_modules/node-ssh": {
            "version": "13.2.1",
            "resolved": "https://registry.npmjs.org/node-ssh/-/node-ssh-13.2.1.tgz",
            "integrity": "sha512-rfl4GWMygQfzlExPkQ2LWyya5n2jOBm5vhEnup+4mdw7tQhNpJWbP5ldr09Jfj93k5SfY5lxcn8od5qrQ/6mBg==",
            "license": "MIT",
            "dependencies": {
                "is-stream": "^2.0.0",
                "make-dir": "^3.1.0",
                "sb-promise-queue": "^2.1.0",
                "sb-scandir": "^3.1.0",
                "shell-escape": "^0.2.0",
                "ssh2": "^1.14.0"
            },
            "engines": {
                "node": ">= 10"
            }
        },
        "node_modules/oxide-wasm": {
            "version": "0.1.1",
            "resolved": "https://registry.npmjs.org/oxide-wasm/-/oxide-wasm-0.1.1.tgz",
            "integrity": "sha512-H0nbgYujQuKWlvpccMKaLlzVZGJ45mt+pR5EPQnwgyQz8t4ccBVYtLzMrrSvoB5Fh7IChHwHCluqG3c0OzxPfw==",
            "license": "MIT"
        },
        "node_modules/parse-ms": {
            "version": "4.0.0",
            "resolved": "https://registry.npmjs.org/parse-ms/-/parse-ms-4.0.0.tgz",
            "integrity": "sha512-TXfryirbmq34y8QBwgqCVLi+8oA3oWx2eAnSn62ITyEhEYaWRlVZ2DvMM9eZbMs/RfxPu/PK/aBLyGj4IrqMHw==",
            "license": "MIT",
            "engines": {
                "node": ">=18"
            },
            "funding": {
                "url": "https://github.com/sponsors/sindresorhus"
            }
        },
        "node_modules/pretty-bytes": {
            "version": "7.1.0",
            "resolved": "https://registry.npmjs.org/pretty-bytes/-/pretty-bytes-7.1.0.tgz",
            "integrity": "sha512-nODzvTiYVRGRqAOvE84Vk5JDPyyxsVk0/fbA/bq7RqlnhksGpset09XTxbpvLTIjoaF7K8Z8DG8yHtKGTPSYRw==",
            "license": "MIT",
            "engines": {
                "node": ">=20"
            },
            "funding": {
                "url": "https://github.com/sponsors/sindresorhus"
            }
        },
        "node_modules/pretty-ms": {
            "version": "9.3.0",
            "resolved": "https://registry.npmjs.org/pretty-ms/-/pretty-ms-9.3.0.tgz",
            "integrity": "sha512-gjVS5hOP+M3wMm5nmNOucbIrqudzs9v/57bWRHQWLYklXqoXKrVfYW2W9+glfGsqtPgpiz5WwyEEB+ksXIx3gQ==",
            "license": "MIT",
            "dependencies": {
                "parse-ms": "^4.0.0"
            },
            "engines": {
                "node": ">=18"
            },
            "funding": {
                "url": "https://github.com/sponsors/sindresorhus"
            }
        },
        "node_modules/safer-buffer": {
            "version": "2.1.2",
            "resolved": "https://registry.npmjs.org/safer-buffer/-/safer-buffer-2.1.2.tgz",
            "integrity": "sha512-YZo3K82SD7Riyi0E1EQPojLz7kpepnSQI9IyPbHHg1XXXevb5dJI7tpyN2ADxGcQbHG7vcyRHk0cbwqcQriUtg==",
            "license": "MIT"
        },
        "node_modules/sb-promise-queue": {
            "version": "2.1.1",
            "resolved": "https://registry.npmjs.org/sb-promise-queue/-/sb-promise-queue-2.1.1.tgz",
            "integrity": "sha512-qXfdcJQMxMljxmPprn4Q4hl3pJmoljSCzUvvEBa9Kscewnv56n0KqrO6yWSrGLOL9E021wcGdPa39CHGKA6G0w==",
            "license": "MIT",
            "engines": {
                "node": ">= 8"
            }
        },
        "node_modules/sb-scandir": {
            "version": "3.1.1",
            "resolved": "https://registry.npmjs.org/sb-scandir/-/sb-scandir-3.1.1.tgz",
            "integrity": "sha512-Q5xiQMtoragW9z8YsVYTAZcew+cRzdVBefPbb9theaIKw6cBo34WonP9qOCTKgyAmn/Ch5gmtAxT/krUgMILpA==",
            "license": "MIT",
            "dependencies": {
                "sb-promise-queue": "^2.1.0"
            },
            "engines": {
                "node": ">= 8"
            }
        },
        "node_modules/semver": {
            "version": "6.3.1",
            "resolved": "https://registry.npmjs.org/semver/-/semver-6.3.1.tgz",
            "integrity": "sha512-BR7VvDCVHO+q2xBEWskxS6DJE1qRnb7DxzUrogb71CWoSficBxYsiAGd+Kl0mmq/MprG9yArRkyrQxTO6XjMzA==",
            "license": "ISC",
            "bin": {
                "semver": "bin/semver.js"
            }
        },
        "node_modules/shell-escape": {
            "version": "0.2.0",
            "resolved": "https://registry.npmjs.org/shell-escape/-/shell-escape-0.2.0.tgz",
            "integrity": "sha512-uRRBT2MfEOyxuECseCZd28jC1AJ8hmqqneWQ4VWUTgCAFvb3wKU1jLqj6egC4Exrr88ogg3dp+zroH4wJuaXzw==",
            "license": "MIT"
        },
        "node_modules/ssh2": {
            "version": "1.17.0",
            "resolved": "https://registry.npmjs.org/ssh2/-/ssh2-1.17.0.tgz",
            "integrity": "sha512-wPldCk3asibAjQ/kziWQQt1Wh3PgDFpC0XpwclzKcdT1vql6KeYxf5LIt4nlFkUeR8WuphYMKqUA56X4rjbfgQ==",
            "hasInstallScript": true,
            "dependencies": {
                "asn1": "^0.2.6",
                "bcrypt-pbkdf": "^1.0.2"
            },
            "engines": {
                "node": ">=10.16.0"
            },
            "optionalDependencies": {
                "cpu-features": "~0.0.10",
                "nan": "^2.23.0"
            }
        },
        "node_modules/tailwindcss": {
            "version": "4.2.1",
            "resolved": "https://registry.npmjs.org/tailwindcss/-/tailwindcss-4.2.1.tgz",
            "integrity": "sha512-/tBrSQ36vCleJkAOsy9kbNTgaxvGbyOamC30PRePTQe/o1MFwEKHQk4Cn7BNGaPtjp+PuUrByJehM1hgxfq4sw==",
            "license": "MIT"
        },
        "node_modules/tweetnacl": {
            "version": "0.14.5",
            "resolved": "https://registry.npmjs.org/tweetnacl/-/tweetnacl-0.14.5.tgz",
            "integrity": "sha512-KXXFFdAbFXY4geFIwoyNK+f5Z1b7swfXABfL7HXCmoIWMKU3dmS26672A4EeQtDzLKy7SXmfBu51JolvEKwtGA==",
            "license": "Unlicense"
        },
        "node_modules/undici-types": {
            "version": "7.18.2",
            "resolved": "https://registry.npmjs.org/undici-types/-/undici-types-7.18.2.tgz",
            "integrity": "sha512-AsuCzffGHJybSaRrmr5eHr81mwJU3kjw6M+uprWvCXiNeN9SOGwQ3Jn8jb8m3Z6izVgknn1R0FTCEAP2QrLY/w==",
            "license": "MIT"
        }
    }
}
