{
    "name": "app",
    "version": "1.0.0",
    "lockfileVersion": 3,
    "requires": true,
    "packages": {
        "": {
            "name": "app",
            "version": "1.0.0",
            "dependencies": {
                "@fullstacked/builder-tailwindcss": "github:fullstackedorg/builder-tailwindcss",
                "@xterm/addon-fit": "^0.11.0",
                "@xterm/addon-web-links": "^0.12.0",
                "@xterm/xterm": "^6.0.0",
                "node-ssh": "^13.2.1",
                "pretty-bytes": "^7.1.0",
                "pretty-ms": "^9.3.0",
                "sass": "^1.97.3"
            },
            "devDependencies": {
                "@types/node": "^25.3.0"
            }
        },
        "node_modules/@esm.sh/oxide-wasm": {
            "version": "0.1.4",
            "resolved": "https://registry.npmjs.org/@esm.sh/oxide-wasm/-/oxide-wasm-0.1.4.tgz",
            "integrity": "sha512-874nkYMIHQV3bc0VzxTJaIxmE5p8SF44sAoN1pEiqqIseeC/cgGORjc23bOBx47e1YpeFEvA5moQhc3FXt0JLg==",
            "license": "MIT"
        },
        "node_modules/@fullstacked/builder-tailwindcss": {
            "version": "0.0.0",
            "resolved": "git+ssh://git@github.com/fullstackedorg/builder-tailwindcss.git#746a0cf9e956c0e5f8be4cdf6f86b6961413aed9",
            "dependencies": {
                "@esm.sh/oxide-wasm": "^0.1.4",
                "@types/node": "^25.3.0",
                "lightningcss-wasm": "^1.31.1",
                "tailwindcss": "^4.2.0"
            }
        },
        "node_modules/@parcel/watcher": {
            "version": "2.5.6",
            "resolved": "https://registry.npmjs.org/@parcel/watcher/-/watcher-2.5.6.tgz",
            "integrity": "sha512-tmmZ3lQxAe/k/+rNnXQRawJ4NjxO2hqiOLTHvWchtGZULp4RyFeh6aU4XdOYBFe2KE1oShQTv4AblOs2iOrNnQ==",
            "hasInstallScript": true,
            "license": "MIT",
            "optional": true,
            "dependencies": {
                "detect-libc": "^2.0.3",
                "is-glob": "^4.0.3",
                "node-addon-api": "^7.0.0",
                "picomatch": "^4.0.3"
            },
            "engines": {
                "node": ">= 10.0.0"
            },
            "funding": {
                "type": "opencollective",
                "url": "https://opencollective.com/parcel"
            },
            "optionalDependencies": {
                "@parcel/watcher-android-arm64": "2.5.6",
                "@parcel/watcher-darwin-arm64": "2.5.6",
                "@parcel/watcher-darwin-x64": "2.5.6",
                "@parcel/watcher-freebsd-x64": "2.5.6",
                "@parcel/watcher-linux-arm-glibc": "2.5.6",
                "@parcel/watcher-linux-arm-musl": "2.5.6",
                "@parcel/watcher-linux-arm64-glibc": "2.5.6",
                "@parcel/watcher-linux-arm64-musl": "2.5.6",
                "@parcel/watcher-linux-x64-glibc": "2.5.6",
                "@parcel/watcher-linux-x64-musl": "2.5.6",
                "@parcel/watcher-win32-arm64": "2.5.6",
                "@parcel/watcher-win32-ia32": "2.5.6",
                "@parcel/watcher-win32-x64": "2.5.6"
            }
        },
        "node_modules/@parcel/watcher-android-arm64": {
            "version": "2.5.6",
            "resolved": "https://registry.npmjs.org/@parcel/watcher-android-arm64/-/watcher-android-arm64-2.5.6.tgz",
            "integrity": "sha512-YQxSS34tPF/6ZG7r/Ih9xy+kP/WwediEUsqmtf0cuCV5TPPKw/PQHRhueUo6JdeFJaqV3pyjm0GdYjZotbRt/A==",
            "cpu": [
                "arm64"
            ],
            "license": "MIT",
            "optional": true,
            "os": [
                "android"
            ],
            "engines": {
                "node": ">= 10.0.0"
            },
            "funding": {
                "type": "opencollective",
                "url": "https://opencollective.com/parcel"
            }
        },
        "node_modules/@parcel/watcher-darwin-arm64": {
            "version": "2.5.6",
            "resolved": "https://registry.npmjs.org/@parcel/watcher-darwin-arm64/-/watcher-darwin-arm64-2.5.6.tgz",
            "integrity": "sha512-Z2ZdrnwyXvvvdtRHLmM4knydIdU9adO3D4n/0cVipF3rRiwP+3/sfzpAwA/qKFL6i1ModaabkU7IbpeMBgiVEA==",
            "cpu": [
                "arm64"
            ],
            "license": "MIT",
            "optional": true,
            "os": [
                "darwin"
            ],
            "engines": {
                "node": ">= 10.0.0"
            },
            "funding": {
                "type": "opencollective",
                "url": "https://opencollective.com/parcel"
            }
        },
        "node_modules/@parcel/watcher-darwin-x64": {
            "version": "2.5.6",
            "resolved": "https://registry.npmjs.org/@parcel/watcher-darwin-x64/-/watcher-darwin-x64-2.5.6.tgz",
            "integrity": "sha512-HgvOf3W9dhithcwOWX9uDZyn1lW9R+7tPZ4sug+NGrGIo4Rk1hAXLEbcH1TQSqxts0NYXXlOWqVpvS1SFS4fRg==",
            "cpu": [
                "x64"
            ],
            "license": "MIT",
            "optional": true,
            "os": [
                "darwin"
            ],
            "engines": {
                "node": ">= 10.0.0"
            },
            "funding": {
                "type": "opencollective",
                "url": "https://opencollective.com/parcel"
            }
        },
        "node_modules/@parcel/watcher-freebsd-x64": {
            "version": "2.5.6",
            "resolved": "https://registry.npmjs.org/@parcel/watcher-freebsd-x64/-/watcher-freebsd-x64-2.5.6.tgz",
            "integrity": "sha512-vJVi8yd/qzJxEKHkeemh7w3YAn6RJCtYlE4HPMoVnCpIXEzSrxErBW5SJBgKLbXU3WdIpkjBTeUNtyBVn8TRng==",
            "cpu": [
                "x64"
            ],
            "license": "MIT",
            "optional": true,
            "os": [
                "freebsd"
            ],
            "engines": {
                "node": ">= 10.0.0"
            },
            "funding": {
                "type": "opencollective",
                "url": "https://opencollective.com/parcel"
            }
        },
        "node_modules/@parcel/watcher-linux-arm-glibc": {
            "version": "2.5.6",
            "resolved": "https://registry.npmjs.org/@parcel/watcher-linux-arm-glibc/-/watcher-linux-arm-glibc-2.5.6.tgz",
            "integrity": "sha512-9JiYfB6h6BgV50CCfasfLf/uvOcJskMSwcdH1PHH9rvS1IrNy8zad6IUVPVUfmXr+u+Km9IxcfMLzgdOudz9EQ==",
            "cpu": [
                "arm"
            ],
            "license": "MIT",
            "optional": true,
            "os": [
                "linux"
            ],
            "engines": {
                "node": ">= 10.0.0"
            },
            "funding": {
                "type": "opencollective",
                "url": "https://opencollective.com/parcel"
            }
        },
        "node_modules/@parcel/watcher-linux-arm-musl": {
            "version": "2.5.6",
            "resolved": "https://registry.npmjs.org/@parcel/watcher-linux-arm-musl/-/watcher-linux-arm-musl-2.5.6.tgz",
            "integrity": "sha512-Ve3gUCG57nuUUSyjBq/MAM0CzArtuIOxsBdQ+ftz6ho8n7s1i9E1Nmk/xmP323r2YL0SONs1EuwqBp2u1k5fxg==",
            "cpu": [
                "arm"
            ],
            "license": "MIT",
            "optional": true,
            "os": [
                "linux"
            ],
            "engines": {
                "node": ">= 10.0.0"
            },
            "funding": {
                "type": "opencollective",
                "url": "https://opencollective.com/parcel"
            }
        },
        "node_modules/@parcel/watcher-linux-arm64-glibc": {
            "version": "2.5.6",
            "resolved": "https://registry.npmjs.org/@parcel/watcher-linux-arm64-glibc/-/watcher-linux-arm64-glibc-2.5.6.tgz",
            "integrity": "sha512-f2g/DT3NhGPdBmMWYoxixqYr3v/UXcmLOYy16Bx0TM20Tchduwr4EaCbmxh1321TABqPGDpS8D/ggOTaljijOA==",
            "cpu": [
                "arm64"
            ],
            "license": "MIT",
            "optional": true,
            "os": [
                "linux"
            ],
            "engines": {
                "node": ">= 10.0.0"
            },
            "funding": {
                "type": "opencollective",
                "url": "https://opencollective.com/parcel"
            }
        },
        "node_modules/@parcel/watcher-linux-arm64-musl": {
            "version": "2.5.6",
            "resolved": "https://registry.npmjs.org/@parcel/watcher-linux-arm64-musl/-/watcher-linux-arm64-musl-2.5.6.tgz",
            "integrity": "sha512-qb6naMDGlbCwdhLj6hgoVKJl2odL34z2sqkC7Z6kzir8b5W65WYDpLB6R06KabvZdgoHI/zxke4b3zR0wAbDTA==",
            "cpu": [
                "arm64"
            ],
            "license": "MIT",
            "optional": true,
            "os": [
                "linux"
            ],
            "engines": {
                "node": ">= 10.0.0"
            },
            "funding": {
                "type": "opencollective",
                "url": "https://opencollective.com/parcel"
            }
        },
        "node_modules/@parcel/watcher-linux-x64-glibc": {
            "version": "2.5.6",
            "resolved": "https://registry.npmjs.org/@parcel/watcher-linux-x64-glibc/-/watcher-linux-x64-glibc-2.5.6.tgz",
            "integrity": "sha512-kbT5wvNQlx7NaGjzPFu8nVIW1rWqV780O7ZtkjuWaPUgpv2NMFpjYERVi0UYj1msZNyCzGlaCWEtzc+exjMGbQ==",
            "cpu": [
                "x64"
            ],
            "license": "MIT",
            "optional": true,
            "os": [
                "linux"
            ],
            "engines": {
                "node": ">= 10.0.0"
            },
            "funding": {
                "type": "opencollective",
                "url": "https://opencollective.com/parcel"
            }
        },
        "node_modules/@parcel/watcher-linux-x64-musl": {
            "version": "2.5.6",
            "resolved": "https://registry.npmjs.org/@parcel/watcher-linux-x64-musl/-/watcher-linux-x64-musl-2.5.6.tgz",
            "integrity": "sha512-1JRFeC+h7RdXwldHzTsmdtYR/Ku8SylLgTU/reMuqdVD7CtLwf0VR1FqeprZ0eHQkO0vqsbvFLXUmYm/uNKJBg==",
            "cpu": [
                "x64"
            ],
            "license": "MIT",
            "optional": true,
            "os": [
                "linux"
            ],
            "engines": {
                "node": ">= 10.0.0"
            },
            "funding": {
                "type": "opencollective",
                "url": "https://opencollective.com/parcel"
            }
        },
        "node_modules/@parcel/watcher-win32-arm64": {
            "version": "2.5.6",
            "resolved": "https://registry.npmjs.org/@parcel/watcher-win32-arm64/-/watcher-win32-arm64-2.5.6.tgz",
            "integrity": "sha512-3ukyebjc6eGlw9yRt678DxVF7rjXatWiHvTXqphZLvo7aC5NdEgFufVwjFfY51ijYEWpXbqF5jtrK275z52D4Q==",
            "cpu": [
                "arm64"
            ],
            "license": "MIT",
            "optional": true,
            "os": [
                "win32"
            ],
            "engines": {
                "node": ">= 10.0.0"
            },
            "funding": {
                "type": "opencollective",
                "url": "https://opencollective.com/parcel"
            }
        },
        "node_modules/@parcel/watcher-win32-ia32": {
            "version": "2.5.6",
            "resolved": "https://registry.npmjs.org/@parcel/watcher-win32-ia32/-/watcher-win32-ia32-2.5.6.tgz",
            "integrity": "sha512-k35yLp1ZMwwee3Ez/pxBi5cf4AoBKYXj00CZ80jUz5h8prpiaQsiRPKQMxoLstNuqe2vR4RNPEAEcjEFzhEz/g==",
            "cpu": [
                "ia32"
            ],
            "license": "MIT",
            "optional": true,
            "os": [
                "win32"
            ],
            "engines": {
                "node": ">= 10.0.0"
            },
            "funding": {
                "type": "opencollective",
                "url": "https://opencollective.com/parcel"
            }
        },
        "node_modules/@parcel/watcher-win32-x64": {
            "version": "2.5.6",
            "resolved": "https://registry.npmjs.org/@parcel/watcher-win32-x64/-/watcher-win32-x64-2.5.6.tgz",
            "integrity": "sha512-hbQlYcCq5dlAX9Qx+kFb0FHue6vbjlf0FrNzSKdYK2APUf7tGfGxQCk2ihEREmbR6ZMc0MVAD5RIX/41gpUzTw==",
            "cpu": [
                "x64"
            ],
            "license": "MIT",
            "optional": true,
            "os": [
                "win32"
            ],
            "engines": {
                "node": ">= 10.0.0"
            },
            "funding": {
                "type": "opencollective",
                "url": "https://opencollective.com/parcel"
            }
        },
        "node_modules/@types/node": {
            "version": "25.3.0",
            "resolved": "https://registry.npmjs.org/@types/node/-/node-25.3.0.tgz",
            "integrity": "sha512-4K3bqJpXpqfg2XKGK9bpDTc6xO/xoUP/RBWS7AtRMug6zZFaRekiLzjVtAoZMquxoAbzBvy5nxQ7veS5eYzf8A==",
            "license": "MIT",
            "dependencies": {
                "undici-types": "~7.18.0"
            }
        },
        "node_modules/@xterm/addon-fit": {
            "version": "0.11.0",
            "resolved": "https://registry.npmjs.org/@xterm/addon-fit/-/addon-fit-0.11.0.tgz",
            "integrity": "sha512-jYcgT6xtVYhnhgxh3QgYDnnNMYTcf8ElbxxFzX0IZo+vabQqSPAjC3c1wJrKB5E19VwQei89QCiZZP86DCPF7g==",
            "license": "MIT"
        },
        "node_modules/@xterm/addon-web-links": {
            "version": "0.12.0",
            "resolved": "https://registry.npmjs.org/@xterm/addon-web-links/-/addon-web-links-0.12.0.tgz",
            "integrity": "sha512-4Smom3RPyVp7ZMYOYDoC/9eGJJJqYhnPLGGqJ6wOBfB8VxPViJNSKdgRYb8NpaM6YSelEKbA2SStD7lGyqaobw==",
            "license": "MIT"
        },
        "node_modules/@xterm/xterm": {
            "version": "6.0.0",
            "resolved": "https://registry.npmjs.org/@xterm/xterm/-/xterm-6.0.0.tgz",
            "integrity": "sha512-TQwDdQGtwwDt+2cgKDLn0IRaSxYu1tSUjgKarSDkUM0ZNiSRXFpjxEsvc/Zgc5kq5omJ+V0a8/kIM2WD3sMOYg==",
            "license": "MIT",
            "workspaces": [
                "addons/*"
            ]
        },
        "node_modules/asn1": {
            "version": "0.2.6",
            "resolved": "https://registry.npmjs.org/asn1/-/asn1-0.2.6.tgz",
            "integrity": "sha512-ix/FxPn0MDjeyJ7i/yoHGFt/EX6LyNbxSEhPPXODPL+KB0VPk86UYfL0lMdy+KCnv+fmvIzySwaK5COwqVbWTQ==",
            "license": "MIT",
            "dependencies": {
                "safer-buffer": "~2.1.0"
            }
        },
        "node_modules/bcrypt-pbkdf": {
            "version": "1.0.2",
            "resolved": "https://registry.npmjs.org/bcrypt-pbkdf/-/bcrypt-pbkdf-1.0.2.tgz",
            "integrity": "sha512-qeFIXtP4MSoi6NLqO12WfqARWWuCKi2Rn/9hJLEmtB5yTNr9DqFWkJRCf2qShWzPeAMRnOgCrq0sg/KLv5ES9w==",
            "license": "BSD-3-Clause",
            "dependencies": {
                "tweetnacl": "^0.14.3"
            }
        },
        "node_modules/buildcheck": {
            "version": "0.0.7",
            "resolved": "https://registry.npmjs.org/buildcheck/-/buildcheck-0.0.7.tgz",
            "integrity": "sha512-lHblz4ahamxpTmnsk+MNTRWsjYKv965MwOrSJyeD588rR3Jcu7swE+0wN5F+PbL5cjgu/9ObkhfzEPuofEMwLA==",
            "optional": true,
            "engines": {
                "node": ">=10.0.0"
            }
        },
        "node_modules/chokidar": {
            "version": "4.0.3",
            "resolved": "https://registry.npmjs.org/chokidar/-/chokidar-4.0.3.tgz",
            "integrity": "sha512-Qgzu8kfBvo+cA4962jnP1KkS6Dop5NS6g7R5LFYJr4b8Ub94PPQXUksCw9PvXoeXPRRddRNC5C1JQUR2SMGtnA==",
            "license": "MIT",
            "dependencies": {
                "readdirp": "^4.0.1"
            },
            "engines": {
                "node": ">= 14.16.0"
            },
            "funding": {
                "url": "https://paulmillr.com/funding/"
            }
        },
        "node_modules/cpu-features": {
            "version": "0.0.10",
            "resolved": "https://registry.npmjs.org/cpu-features/-/cpu-features-0.0.10.tgz",
            "integrity": "sha512-9IkYqtX3YHPCzoVg1Py+o9057a3i0fp7S530UWokCSaFVTc7CwXPRiOjRjBQQ18ZCNafx78YfnG+HALxtVmOGA==",
            "hasInstallScript": true,
            "optional": true,
            "dependencies": {
                "buildcheck": "~0.0.6",
                "nan": "^2.19.0"
            },
            "engines": {
                "node": ">=10.0.0"
            }
        },
        "node_modules/detect-libc": {
            "version": "2.1.2",
            "resolved": "https://registry.npmjs.org/detect-libc/-/detect-libc-2.1.2.tgz",
            "integrity": "sha512-Btj2BOOO83o3WyH59e8MgXsxEQVcarkUOpEYrubB0urwnN10yQ364rsiByU11nZlqWYZm05i/of7io4mzihBtQ==",
            "license": "Apache-2.0",
            "optional": true,
            "engines": {
                "node": ">=8"
            }
        },
        "node_modules/immutable": {
            "version": "5.1.4",
            "resolved": "https://registry.npmjs.org/immutable/-/immutable-5.1.4.tgz",
            "integrity": "sha512-p6u1bG3YSnINT5RQmx/yRZBpenIl30kVxkTLDyHLIMk0gict704Q9n+thfDI7lTRm9vXdDYutVzXhzcThxTnXA==",
            "license": "MIT"
        },
        "node_modules/is-extglob": {
            "version": "2.1.1",
            "resolved": "https://registry.npmjs.org/is-extglob/-/is-extglob-2.1.1.tgz",
            "integrity": "sha512-SbKbANkN603Vi4jEZv49LeVJMn4yGwsbzZworEoyEiutsN3nJYdbO36zfhGJ6QEDpOZIFkDtnq5JRxmvl3jsoQ==",
            "license": "MIT",
            "optional": true,
            "engines": {
                "node": ">=0.10.0"
            }
        },
        "node_modules/is-glob": {
            "version": "4.0.3",
            "resolved": "https://registry.npmjs.org/is-glob/-/is-glob-4.0.3.tgz",
            "integrity": "sha512-xelSayHH36ZgE7ZWhli7pW34hNbNl8Ojv5KVmkJD4hBdD3th8Tfk9vYasLM+mXWOZhFkgZfxhLSnrwRr4elSSg==",
            "license": "MIT",
            "optional": true,
            "dependencies": {
                "is-extglob": "^2.1.1"
            },
            "engines": {
                "node": ">=0.10.0"
            }
        },
        "node_modules/is-stream": {
            "version": "2.0.1",
            "resolved": "https://registry.npmjs.org/is-stream/-/is-stream-2.0.1.tgz",
            "integrity": "sha512-hFoiJiTl63nn+kstHGBtewWSKnQLpyb155KHheA1l39uvtO9nWIop1p3udqPcUd/xbF1VLMO4n7OI6p7RbngDg==",
            "license": "MIT",
            "engines": {
                "node": ">=8"
            },
            "funding": {
                "url": "https://github.com/sponsors/sindresorhus"
            }
        },
        "node_modules/lightningcss-wasm": {
            "version": "1.31.1",
            "resolved": "https://registry.npmjs.org/lightningcss-wasm/-/lightningcss-wasm-1.31.1.tgz",
            "integrity": "sha512-JYnA3ZpKhF/X+pkLBPMsqDAXZmxd2mQ4nauKd78IfMnioook736ksaCJu6d70Wkq6soD74V+G4fhaOWmWzW5dg==",
            "bundleDependencies": [
                "napi-wasm"
            ],
            "license": "MPL-2.0",
            "dependencies": {
                "napi-wasm": "^1.0.1"
            },
            "engines": {
                "node": ">= 12.0.0"
            },
            "funding": {
                "type": "opencollective",
                "url": "https://opencollective.com/parcel"
            }
        },
        "node_modules/lightningcss-wasm/node_modules/napi-wasm": {
            "version": "1.1.3",
            "inBundle": true,
            "license": "MIT"
        },
        "node_modules/make-dir": {
            "version": "3.1.0",
            "resolved": "https://registry.npmjs.org/make-dir/-/make-dir-3.1.0.tgz",
            "integrity": "sha512-g3FeP20LNwhALb/6Cz6Dd4F2ngze0jz7tbzrD2wAV+o9FeNHe4rL+yK2md0J/fiSf1sa1ADhXqi5+oVwOM/eGw==",
            "license": "MIT",
            "dependencies": {
                "semver": "^6.0.0"
            },
            "engines": {
                "node": ">=8"
            },
            "funding": {
                "url": "https://github.com/sponsors/sindresorhus"
            }
        },
        "node_modules/nan": {
            "version": "2.25.0",
            "resolved": "https://registry.npmjs.org/nan/-/nan-2.25.0.tgz",
            "integrity": "sha512-0M90Ag7Xn5KMLLZ7zliPWP3rT90P6PN+IzVFS0VqmnPktBk3700xUVv8Ikm9EUaUE5SDWdp/BIxdENzVznpm1g==",
            "license": "MIT",
            "optional": true
        },
        "node_modules/node-addon-api": {
            "version": "7.1.1",
            "resolved": "https://registry.npmjs.org/node-addon-api/-/node-addon-api-7.1.1.tgz",
            "integrity": "sha512-5m3bsyrjFWE1xf7nz7YXdN4udnVtXK6/Yfgn5qnahL6bCkf2yKt4k3nuTKAtT4r3IG8JNR2ncsIMdZuAzJjHQQ==",
            "license": "MIT",
            "optional": true
        },
        "node_modules/node-ssh": {
            "version": "13.2.1",
            "resolved": "https://registry.npmjs.org/node-ssh/-/node-ssh-13.2.1.tgz",
            "integrity": "sha512-rfl4GWMygQfzlExPkQ2LWyya5n2jOBm5vhEnup+4mdw7tQhNpJWbP5ldr09Jfj93k5SfY5lxcn8od5qrQ/6mBg==",
            "license": "MIT",
            "dependencies": {
                "is-stream": "^2.0.0",
                "make-dir": "^3.1.0",
                "sb-promise-queue": "^2.1.0",
                "sb-scandir": "^3.1.0",
                "shell-escape": "^0.2.0",
                "ssh2": "^1.14.0"
            },
            "engines": {
                "node": ">= 10"
            }
        },
        "node_modules/parse-ms": {
            "version": "4.0.0",
            "resolved": "https://registry.npmjs.org/parse-ms/-/parse-ms-4.0.0.tgz",
            "integrity": "sha512-TXfryirbmq34y8QBwgqCVLi+8oA3oWx2eAnSn62ITyEhEYaWRlVZ2DvMM9eZbMs/RfxPu/PK/aBLyGj4IrqMHw==",
            "license": "MIT",
            "engines": {
                "node": ">=18"
            },
            "funding": {
                "url": "https://github.com/sponsors/sindresorhus"
            }
        },
        "node_modules/picomatch": {
            "version": "4.0.3",
            "resolved": "https://registry.npmjs.org/picomatch/-/picomatch-4.0.3.tgz",
            "integrity": "sha512-5gTmgEY/sqK6gFXLIsQNH19lWb4ebPDLA4SdLP7dsWkIXHWlG66oPuVvXSGFPppYZz8ZDZq0dYYrbHfBCVUb1Q==",
            "license": "MIT",
            "optional": true,
            "engines": {
                "node": ">=12"
            },
            "funding": {
                "url": "https://github.com/sponsors/jonschlinkert"
            }
        },
        "node_modules/pretty-bytes": {
            "version": "7.1.0",
            "resolved": "https://registry.npmjs.org/pretty-bytes/-/pretty-bytes-7.1.0.tgz",
            "integrity": "sha512-nODzvTiYVRGRqAOvE84Vk5JDPyyxsVk0/fbA/bq7RqlnhksGpset09XTxbpvLTIjoaF7K8Z8DG8yHtKGTPSYRw==",
            "license": "MIT",
            "engines": {
                "node": ">=20"
            },
            "funding": {
                "url": "https://github.com/sponsors/sindresorhus"
            }
        },
        "node_modules/pretty-ms": {
            "version": "9.3.0",
            "resolved": "https://registry.npmjs.org/pretty-ms/-/pretty-ms-9.3.0.tgz",
            "integrity": "sha512-gjVS5hOP+M3wMm5nmNOucbIrqudzs9v/57bWRHQWLYklXqoXKrVfYW2W9+glfGsqtPgpiz5WwyEEB+ksXIx3gQ==",
            "license": "MIT",
            "dependencies": {
                "parse-ms": "^4.0.0"
            },
            "engines": {
                "node": ">=18"
            },
            "funding": {
                "url": "https://github.com/sponsors/sindresorhus"
            }
        },
        "node_modules/readdirp": {
            "version": "4.1.2",
            "resolved": "https://registry.npmjs.org/readdirp/-/readdirp-4.1.2.tgz",
            "integrity": "sha512-GDhwkLfywWL2s6vEjyhri+eXmfH6j1L7JE27WhqLeYzoh/A3DBaYGEj2H/HFZCn/kMfim73FXxEJTw06WtxQwg==",
            "license": "MIT",
            "engines": {
                "node": ">= 14.18.0"
            },
            "funding": {
                "type": "individual",
                "url": "https://paulmillr.com/funding/"
            }
        },
        "node_modules/safer-buffer": {
            "version": "2.1.2",
            "resolved": "https://registry.npmjs.org/safer-buffer/-/safer-buffer-2.1.2.tgz",
            "integrity": "sha512-YZo3K82SD7Riyi0E1EQPojLz7kpepnSQI9IyPbHHg1XXXevb5dJI7tpyN2ADxGcQbHG7vcyRHk0cbwqcQriUtg==",
            "license": "MIT"
        },
        "node_modules/sass": {
            "version": "1.97.3",
            "resolved": "https://registry.npmjs.org/sass/-/sass-1.97.3.tgz",
            "integrity": "sha512-fDz1zJpd5GycprAbu4Q2PV/RprsRtKC/0z82z0JLgdytmcq0+ujJbJ/09bPGDxCLkKY3Np5cRAOcWiVkLXJURg==",
            "license": "MIT",
            "dependencies": {
                "chokidar": "^4.0.0",
                "immutable": "^5.0.2",
                "source-map-js": ">=0.6.2 <2.0.0"
            },
            "bin": {
                "sass": "sass.js"
            },
            "engines": {
                "node": ">=14.0.0"
            },
            "optionalDependencies": {
                "@parcel/watcher": "^2.4.1"
            }
        },
        "node_modules/sb-promise-queue": {
            "version": "2.1.1",
            "resolved": "https://registry.npmjs.org/sb-promise-queue/-/sb-promise-queue-2.1.1.tgz",
            "integrity": "sha512-qXfdcJQMxMljxmPprn4Q4hl3pJmoljSCzUvvEBa9Kscewnv56n0KqrO6yWSrGLOL9E021wcGdPa39CHGKA6G0w==",
            "license": "MIT",
            "engines": {
                "node": ">= 8"
            }
        },
        "node_modules/sb-scandir": {
            "version": "3.1.1",
            "resolved": "https://registry.npmjs.org/sb-scandir/-/sb-scandir-3.1.1.tgz",
            "integrity": "sha512-Q5xiQMtoragW9z8YsVYTAZcew+cRzdVBefPbb9theaIKw6cBo34WonP9qOCTKgyAmn/Ch5gmtAxT/krUgMILpA==",
            "license": "MIT",
            "dependencies": {
                "sb-promise-queue": "^2.1.0"
            },
            "engines": {
                "node": ">= 8"
            }
        },
        "node_modules/semver": {
            "version": "6.3.1",
            "resolved": "https://registry.npmjs.org/semver/-/semver-6.3.1.tgz",
            "integrity": "sha512-BR7VvDCVHO+q2xBEWskxS6DJE1qRnb7DxzUrogb71CWoSficBxYsiAGd+Kl0mmq/MprG9yArRkyrQxTO6XjMzA==",
            "license": "ISC",
            "bin": {
                "semver": "bin/semver.js"
            }
        },
        "node_modules/shell-escape": {
            "version": "0.2.0",
            "resolved": "https://registry.npmjs.org/shell-escape/-/shell-escape-0.2.0.tgz",
            "integrity": "sha512-uRRBT2MfEOyxuECseCZd28jC1AJ8hmqqneWQ4VWUTgCAFvb3wKU1jLqj6egC4Exrr88ogg3dp+zroH4wJuaXzw==",
            "license": "MIT"
        },
        "node_modules/source-map-js": {
            "version": "1.2.1",
            "resolved": "https://registry.npmjs.org/source-map-js/-/source-map-js-1.2.1.tgz",
            "integrity": "sha512-UXWMKhLOwVKb728IUtQPXxfYU+usdybtUrK/8uGE8CQMvrhOpwvzDBwj0QhSL7MQc7vIsISBG8VQ8+IDQxpfQA==",
            "license": "BSD-3-Clause",
            "engines": {
                "node": ">=0.10.0"
            }
        },
        "node_modules/ssh2": {
            "version": "1.17.0",
            "resolved": "https://registry.npmjs.org/ssh2/-/ssh2-1.17.0.tgz",
            "integrity": "sha512-wPldCk3asibAjQ/kziWQQt1Wh3PgDFpC0XpwclzKcdT1vql6KeYxf5LIt4nlFkUeR8WuphYMKqUA56X4rjbfgQ==",
            "hasInstallScript": true,
            "dependencies": {
                "asn1": "^0.2.6",
                "bcrypt-pbkdf": "^1.0.2"
            },
            "engines": {
                "node": ">=10.16.0"
            },
            "optionalDependencies": {
                "cpu-features": "~0.0.10",
                "nan": "^2.23.0"
            }
        },
        "node_modules/tailwindcss": {
            "version": "4.2.0",
            "resolved": "https://registry.npmjs.org/tailwindcss/-/tailwindcss-4.2.0.tgz",
            "integrity": "sha512-yYzTZ4++b7fNYxFfpnberEEKu43w44aqDMNM9MHMmcKuCH7lL8jJ4yJ7LGHv7rSwiqM0nkiobF9I6cLlpS2P7Q==",
            "license": "MIT"
        },
        "node_modules/tweetnacl": {
            "version": "0.14.5",
            "resolved": "https://registry.npmjs.org/tweetnacl/-/tweetnacl-0.14.5.tgz",
            "integrity": "sha512-KXXFFdAbFXY4geFIwoyNK+f5Z1b7swfXABfL7HXCmoIWMKU3dmS26672A4EeQtDzLKy7SXmfBu51JolvEKwtGA==",
            "license": "Unlicense"
        },
        "node_modules/undici-types": {
            "version": "7.18.2",
            "resolved": "https://registry.npmjs.org/undici-types/-/undici-types-7.18.2.tgz",
            "integrity": "sha512-AsuCzffGHJybSaRrmr5eHr81mwJU3kjw6M+uprWvCXiNeN9SOGwQ3Jn8jb8m3Z6izVgknn1R0FTCEAP2QrLY/w==",
            "license": "MIT"
        }
    }
}
